// !$*UTF8*$!
{
	archiveVersion = 1;
	classes = {
	};
	objectVersion = 46;
	objects = {

/* Begin PBXBuildFile section */
		96DD99281B01648600D9D943 /* main.m in Sources */ = {isa = PBXBuildFile; fileRef = 96DD99271B01648600D9D943 /* main.m */; };
		96DD992B1B01648600D9D943 /* AppDelegate.m in Sources */ = {isa = PBXBuildFile; fileRef = 96DD992A1B01648600D9D943 /* AppDelegate.m */; };
		96DD992E1B01648600D9D943 /* ViewController.m in Sources */ = {isa = PBXBuildFile; fileRef = 96DD992D1B01648600D9D943 /* ViewController.m */; };
		96DD99311B01648600D9D943 /* Main.storyboard in Resources */ = {isa = PBXBuildFile; fileRef = 96DD992F1B01648600D9D943 /* Main.storyboard */; };
		96DD99331B01648600D9D943 /* Images.xcassets in Resources */ = {isa = PBXBuildFile; fileRef = 96DD99321B01648600D9D943 /* Images.xcassets */; };
		96DD99361B01648600D9D943 /* LaunchScreen.xib in Resources */ = {isa = PBXBuildFile; fileRef = 96DD99341B01648600D9D943 /* LaunchScreen.xib */; };
		96DD99421B01648600D9D943 /* OCExtensionTests.m in Sources */ = {isa = PBXBuildFile; fileRef = 96DD99411B01648600D9D943 /* OCExtensionTests.m */; };
		96DD99641B0164C300D9D943 /* NSArray+Log.m in Sources */ = {isa = PBXBuildFile; fileRef = 96DD994E1B0164C300D9D943 /* NSArray+Log.m */; };
		96DD99651B0164C300D9D943 /* NSData+Joy.m in Sources */ = {isa = PBXBuildFile; fileRef = 96DD99511B0164C300D9D943 /* NSData+Joy.m */; };
		96DD99661B0164C300D9D943 /* NSDictionary+Log.m in Sources */ = {isa = PBXBuildFile; fileRef = 96DD99541B0164C300D9D943 /* NSDictionary+Log.m */; };
		96DD99671B0164C300D9D943 /* NSObject+Extension.m in Sources */ = {isa = PBXBuildFile; fileRef = 96DD99571B0164C300D9D943 /* NSObject+Extension.m */; };
		96DD99681B0164C300D9D943 /* NSString+Joy.m in Sources */ = {isa = PBXBuildFile; fileRef = 96DD995A1B0164C300D9D943 /* NSString+Joy.m */; };
		96DD99691B0164C300D9D943 /* UIColor+Joy.m in Sources */ = {isa = PBXBuildFile; fileRef = 96DD995D1B0164C300D9D943 /* UIColor+Joy.m */; };
		96DD996A1B0164C300D9D943 /* UIImage+Joy.m in Sources */ = {isa = PBXBuildFile; fileRef = 96DD99601B0164C300D9D943 /* UIImage+Joy.m */; };
		96DD996B1B0164C300D9D943 /* UIView+Joy.m in Sources */ = {isa = PBXBuildFile; fileRef = 96DD99631B0164C300D9D943 /* UIView+Joy.m */; };
/* End PBXBuildFile section */

/* Begin PBXContainerItemProxy section */
		96DD993C1B01648600D9D943 /* PBXContainerItemProxy */ = {
			isa = PBXContainerItemProxy;
			containerPortal = 96DD991A1B01648600D9D943 /* Project object */;
			proxyType = 1;
			remoteGlobalIDString = 96DD99211B01648600D9D943;
			remoteInfo = OCExtension;
		};
/* End PBXContainerItemProxy section */

/* Begin PBXFileReference section */
		96DD99221B01648600D9D943 /* OCExtension.app */ = {isa = PBXFileReference; explicitFileType = wrapper.application; includeInIndex = 0; path = OCExtension.app; sourceTree = BUILT_PRODUCTS_DIR; };
		96DD99261B01648600D9D943 /* Info.plist */ = {isa = PBXFileReference; lastKnownFileType = text.plist.xml; path = Info.plist; sourceTree = "<group>"; };
		96DD99271B01648600D9D943 /* main.m */ = {isa = PBXFileReference; lastKnownFileType = sourcecode.c.objc; path = main.m; sourceTree = "<group>"; };
		96DD99291B01648600D9D943 /* AppDelegate.h */ = {isa = PBXFileReference; lastKnownFileType = sourcecode.c.h; path = AppDelegate.h; sourceTree = "<group>"; };
		96DD992A1B01648600D9D943 /* AppDelegate.m */ = {isa = PBXFileReference; lastKnownFileType = sourcecode.c.objc; path = AppDelegate.m; sourceTree = "<group>"; };
		96DD992C1B01648600D9D943 /* ViewController.h */ = {isa = PBXFileReference; lastKnownFileType = sourcecode.c.h; path = ViewController.h; sourceTree = "<group>"; };
		96DD992D1B01648600D9D943 /* ViewController.m */ = {isa = PBXFileReference; lastKnownFileType = sourcecode.c.objc; path = ViewController.m; sourceTree = "<group>"; };
		96DD99301B01648600D9D943 /* Base */ = {isa = PBXFileReference; lastKnownFileType = file.storyboard; name = Base; path = Base.lproj/Main.storyboard; sourceTree = "<group>"; };
		96DD99321B01648600D9D943 /* Images.xcassets */ = {isa = PBXFileReference; lastKnownFileType = folder.assetcatalog; path = Images.xcassets; sourceTree = "<group>"; };
		96DD99351B01648600D9D943 /* Base */ = {isa = PBXFileReference; lastKnownFileType = file.xib; name = Base; path = Base.lproj/LaunchScreen.xib; sourceTree = "<group>"; };
		96DD993B1B01648600D9D943 /* OCExtensionTests.xctest */ = {isa = PBXFileReference; explicitFileType = wrapper.cfbundle; includeInIndex = 0; path = OCExtensionTests.xctest; sourceTree = BUILT_PRODUCTS_DIR; };
		96DD99401B01648600D9D943 /* Info.plist */ = {isa = PBXFileReference; lastKnownFileType = text.plist.xml; path = Info.plist; sourceTree = "<group>"; };
		96DD99411B01648600D9D943 /* OCExtensionTests.m */ = {isa = PBXFileReference; lastKnownFileType = sourcecode.c.objc; path = OCExtensionTests.m; sourceTree = "<group>"; };
		96DD994D1B0164C300D9D943 /* NSArray+Log.h */ = {isa = PBXFileReference; fileEncoding = 4; lastKnownFileType = sourcecode.c.h; path = "NSArray+Log.h"; sourceTree = "<group>"; };
		96DD994E1B0164C300D9D943 /* NSArray+Log.m */ = {isa = PBXFileReference; fileEncoding = 4; lastKnownFileType = sourcecode.c.objc; path = "NSArray+Log.m"; sourceTree = "<group>"; };
		96DD99501B0164C300D9D943 /* NSData+Joy.h */ = {isa = PBXFileReference; fileEncoding = 4; lastKnownFileType = sourcecode.c.h; path = "NSData+Joy.h"; sourceTree = "<group>"; };
		96DD99511B0164C300D9D943 /* NSData+Joy.m */ = {isa = PBXFileReference; fileEncoding = 4; lastKnownFileType = sourcecode.c.objc; path = "NSData+Joy.m"; sourceTree = "<group>"; };
		96DD99531B0164C300D9D943 /* NSDictionary+Log.h */ = {isa = PBXFileReference; fileEncoding = 4; lastKnownFileType = sourcecode.c.h; path = "NSDictionary+Log.h"; sourceTree = "<group>"; };
		96DD99541B0164C300D9D943 /* NSDictionary+Log.m */ = {isa = PBXFileReference; fileEncoding = 4; lastKnownFileType = sourcecode.c.objc; path = "NSDictionary+Log.m"; sourceTree = "<group>"; };
		96DD99561B0164C300D9D943 /* NSObject+Extension.h */ = {isa = PBXFileReference; fileEncoding = 4; lastKnownFileType = sourcecode.c.h; path = "NSObject+Extension.h"; sourceTree = "<group>"; };
		96DD99571B0164C300D9D943 /* NSObject+Extension.m */ = {isa = PBXFileReference; fileEncoding = 4; lastKnownFileType = sourcecode.c.objc; path = "NSObject+Extension.m"; sourceTree = "<group>"; };
		96DD99591B0164C300D9D943 /* NSString+Joy.h */ = {isa = PBXFileReference; fileEncoding = 4; lastKnownFileType = sourcecode.c.h; path = "NSString+Joy.h"; sourceTree = "<group>"; };
		96DD995A1B0164C300D9D943 /* NSString+Joy.m */ = {isa = PBXFileReference; fileEncoding = 4; lastKnownFileType = sourcecode.c.objc; path = "NSString+Joy.m"; sourceTree = "<group>"; };
		96DD995C1B0164C300D9D943 /* UIColor+Joy.h */ = {isa = PBXFileReference; fileEncoding = 4; lastKnownFileType = sourcecode.c.h; path = "UIColor+Joy.h"; sourceTree = "<group>"; };
		96DD995D1B0164C300D9D943 /* UIColor+Joy.m */ = {isa = PBXFileReference; fileEncoding = 4; lastKnownFileType = sourcecode.c.objc; path = "UIColor+Joy.m"; sourceTree = "<group>"; };
		96DD995F1B0164C300D9D943 /* UIImage+Joy.h */ = {isa = PBXFileReference; fileEncoding = 4; lastKnownFileType = sourcecode.c.h; path = "UIImage+Joy.h"; sourceTree = "<group>"; };
		96DD99601B0164C300D9D943 /* UIImage+Joy.m */ = {isa = PBXFileReference; fileEncoding = 4; lastKnownFileType = sourcecode.c.objc; path = "UIImage+Joy.m"; sourceTree = "<group>"; };
		96DD99621B0164C300D9D943 /* UIView+Joy.h */ = {isa = PBXFileReference; fileEncoding = 4; lastKnownFileType = sourcecode.c.h; path = "UIView+Joy.h"; sourceTree = "<group>"; };
		96DD99631B0164C300D9D943 /* UIView+Joy.m */ = {isa = PBXFileReference; fileEncoding = 4; lastKnownFileType = sourcecode.c.objc; path = "UIView+Joy.m"; sourceTree = "<group>"; };
/* End PBXFileReference section */

/* Begin PBXFrameworksBuildPhase section */
		96DD991F1B01648600D9D943 /* Frameworks */ = {
			isa = PBXFrameworksBuildPhase;
			buildActionMask = 2147483647;
			files = (
			);
			runOnlyForDeploymentPostprocessing = 0;
		};
		96DD99381B01648600D9D943 /* Frameworks */ = {
			isa = PBXFrameworksBuildPhase;
			buildActionMask = 2147483647;
			files = (
			);
			runOnlyForDeploymentPostprocessing = 0;
		};
/* End PBXFrameworksBuildPhase section */

/* Begin PBXGroup section */
		96DD99191B01648600D9D943 = {
			isa = PBXGroup;
			children = (
				96DD99241B01648600D9D943 /* OCExtension */,
				96DD993E1B01648600D9D943 /* OCExtensionTests */,
				96DD99231B01648600D9D943 /* Products */,
			);
			sourceTree = "<group>";
		};
		96DD99231B01648600D9D943 /* Products */ = {
			isa = PBXGroup;
			children = (
				96DD99221B01648600D9D943 /* OCExtension.app */,
				96DD993B1B01648600D9D943 /* OCExtensionTests.xctest */,
			);
			name = Products;
			sourceTree = "<group>";
		};
		96DD99241B01648600D9D943 /* OCExtension */ = {
			isa = PBXGroup;
			children = (
				96DD994B1B0164A500D9D943 /* Extension */,
				96DD99291B01648600D9D943 /* AppDelegate.h */,
				96DD992A1B01648600D9D943 /* AppDelegate.m */,
				96DD992C1B01648600D9D943 /* ViewController.h */,
				96DD992D1B01648600D9D943 /* ViewController.m */,
				96DD992F1B01648600D9D943 /* Main.storyboard */,
				96DD99321B01648600D9D943 /* Images.xcassets */,
				96DD99341B01648600D9D943 /* LaunchScreen.xib */,
				96DD99251B01648600D9D943 /* Supporting Files */,
			);
			path = OCExtension;
			sourceTree = "<group>";
		};
		96DD99251B01648600D9D943 /* Supporting Files */ = {
			isa = PBXGroup;
			children = (
				96DD99261B01648600D9D943 /* Info.plist */,
				96DD99271B01648600D9D943 /* main.m */,
			);
			name = "Supporting Files";
			sourceTree = "<group>";
		};
		96DD993E1B01648600D9D943 /* OCExtensionTests */ = {
			isa = PBXGroup;
			children = (
				96DD99411B01648600D9D943 /* OCExtensionTests.m */,
				96DD993F1B01648600D9D943 /* Supporting Files */,
			);
			path = OCExtensionTests;
			sourceTree = "<group>";
		};
		96DD993F1B01648600D9D943 /* Supporting Files */ = {
			isa = PBXGroup;
			children = (
				96DD99401B01648600D9D943 /* Info.plist */,
			);
			name = "Supporting Files";
			sourceTree = "<group>";
		};
		96DD994B1B0164A500D9D943 /* Extension */ = {
			isa = PBXGroup;
			children = (
				96DD994C1B0164C300D9D943 /* NSArray */,
				96DD994F1B0164C300D9D943 /* NSData */,
				96DD99521B0164C300D9D943 /* NSDictionary */,
				96DD99551B0164C300D9D943 /* NSObject */,
				96DD99581B0164C300D9D943 /* NSString */,
				96DD995B1B0164C300D9D943 /* UIColor */,
				96DD995E1B0164C300D9D943 /* UIImage */,
				96DD99611B0164C300D9D943 /* UIView */,
			);
			name = Extension;
			sourceTree = "<group>";
		};
		96DD994C1B0164C300D9D943 /* NSArray */ = {
			isa = PBXGroup;
			children = (
				96DD994D1B0164C300D9D943 /* NSArray+Log.h */,
				96DD994E1B0164C300D9D943 /* NSArray+Log.m */,
			);
			path = NSArray;
			sourceTree = "<group>";
		};
		96DD994F1B0164C300D9D943 /* NSData */ = {
			isa = PBXGroup;
			children = (
				96DD99501B0164C300D9D943 /* NSData+Joy.h */,
				96DD99511B0164C300D9D943 /* NSData+Joy.m */,
			);
			path = NSData;
			sourceTree = "<group>";
		};
		96DD99521B0164C300D9D943 /* NSDictionary */ = {
			isa = PBXGroup;
			children = (
				96DD99531B0164C300D9D943 /* NSDictionary+Log.h */,
				96DD99541B0164C300D9D943 /* NSDictionary+Log.m */,
			);
			path = NSDictionary;
			sourceTree = "<group>";
		};
		96DD99551B0164C300D9D943 /* NSObject */ = {
			isa = PBXGroup;
			children = (
				96DD99561B0164C300D9D943 /* NSObject+Extension.h */,
				96DD99571B0164C300D9D943 /* NSObject+Extension.m */,
			);
			path = NSObject;
			sourceTree = "<group>";
		};
		96DD99581B0164C300D9D943 /* NSString */ = {
			isa = PBXGroup;
			children = (
				96DD99591B0164C300D9D943 /* NSString+Joy.h */,
				96DD995A1B0164C300D9D943 /* NSString+Joy.m */,
			);
			path = NSString;
			sourceTree = "<group>";
		};
		96DD995B1B0164C300D9D943 /* UIColor */ = {
			isa = PBXGroup;
			children = (
				96DD995C1B0164C300D9D943 /* UIColor+Joy.h */,
				96DD995D1B0164C300D9D943 /* UIColor+Joy.m */,
			);
			path = UIColor;
			sourceTree = "<group>";
		};
		96DD995E1B0164C300D9D943 /* UIImage */ = {
			isa = PBXGroup;
			children = (
				96DD995F1B0164C300D9D943 /* UIImage+Joy.h */,
				96DD99601B0164C300D9D943 /* UIImage+Joy.m */,
			);
			path = UIImage;
			sourceTree = "<group>";
		};
		96DD99611B0164C300D9D943 /* UIView */ = {
			isa = PBXGroup;
			children = (
				96DD99621B0164C300D9D943 /* UIView+Joy.h */,
				96DD99631B0164C300D9D943 /* UIView+Joy.m */,
			);
			path = UIView;
			sourceTree = "<group>";
		};
/* End PBXGroup section */

/* Begin PBXNativeTarget section */
		96DD99211B01648600D9D943 /* OCExtension */ = {
			isa = PBXNativeTarget;
			buildConfigurationList = 96DD99451B01648600D9D943 /* Build configuration list for PBXNativeTarget "OCExtension" */;
			buildPhases = (
				96DD991E1B01648600D9D943 /* Sources */,
				96DD991F1B01648600D9D943 /* Frameworks */,
				96DD99201B01648600D9D943 /* Resources */,
			);
			buildRules = (
			);
			dependencies = (
			);
			name = OCExtension;
			productName = OCExtension;
			productReference = 96DD99221B01648600D9D943 /* OCExtension.app */;
			productType = "com.apple.product-type.application";
		};
		96DD993A1B01648600D9D943 /* OCExtensionTests */ = {
			isa = PBXNativeTarget;
			buildConfigurationList = 96DD99481B01648600D9D943 /* Build configuration list for PBXNativeTarget "OCExtensionTests" */;
			buildPhases = (
				96DD99371B01648600D9D943 /* Sources */,
				96DD99381B01648600D9D943 /* Frameworks */,
				96DD99391B01648600D9D943 /* Resources */,
			);
			buildRules = (
			);
			dependencies = (
				96DD993D1B01648600D9D943 /* PBXTargetDependency */,
			);
			name = OCExtensionTests;
			productName = OCExtensionTests;
			productReference = 96DD993B1B01648600D9D943 /* OCExtensionTests.xctest */;
			productType = "com.apple.product-type.bundle.unit-test";
		};
/* End PBXNativeTarget section */

/* Begin PBXProject section */
		96DD991A1B01648600D9D943 /* Project object */ = {
			isa = PBXProject;
			attributes = {
				LastUpgradeCheck = 0630;
				ORGANIZATIONNAME = Shepherd;
				TargetAttributes = {
					96DD99211B01648600D9D943 = {
						CreatedOnToolsVersion = 6.3.1;
					};
					96DD993A1B01648600D9D943 = {
						CreatedOnToolsVersion = 6.3.1;
						TestTargetID = 96DD99211B01648600D9D943;
					};
				};
			};
			buildConfigurationList = 96DD991D1B01648600D9D943 /* Build configuration list for PBXProject "OCExtension" */;
			compatibilityVersion = "Xcode 3.2";
			developmentRegion = English;
			hasScannedForEncodings = 0;
			knownRegions = (
				en,
				Base,
			);
			mainGroup = 96DD99191B01648600D9D943;
			productRefGroup = 96DD99231B01648600D9D943 /* Products */;
			projectDirPath = "";
			projectRoot = "";
			targets = (
				96DD99211B01648600D9D943 /* OCExtension */,
				96DD993A1B01648600D9D943 /* OCExtensionTests */,
			);
		};
/* End PBXProject section */

/* Begin PBXResourcesBuildPhase section */
		96DD99201B01648600D9D943 /* Resources */ = {
			isa = PBXResourcesBuildPhase;
			buildActionMask = 2147483647;
			files = (
				96DD99311B01648600D9D943 /* Main.storyboard in Resources */,
				96DD99361B01648600D9D943 /* LaunchScreen.xib in Resources */,
				96DD99331B01648600D9D943 /* Images.xcassets in Resources */,
			);
			runOnlyForDeploymentPostprocessing = 0;
		};
		96DD99391B01648600D9D943 /* Resources */ = {
			isa = PBXResourcesBuildPhase;
			buildActionMask = 2147483647;
			files = (
			);
			runOnlyForDeploymentPostprocessing = 0;
		};
/* End PBXResourcesBuildPhase section */

/* Begin PBXSourcesBuildPhase section */
		96DD991E1B01648600D9D943 /* Sources */ = {
			isa = PBXSourcesBuildPhase;
			buildActionMask = 2147483647;
			files = (
				96DD992E1B01648600D9D943 /* ViewController.m in Sources */,
				96DD99691B0164C300D9D943 /* UIColor+Joy.m in Sources */,
				96DD99661B0164C300D9D943 /* NSDictionary+Log.m in Sources */,
				96DD99651B0164C300D9D943 /* NSData+Joy.m in Sources */,
				96DD99641B0164C300D9D943 /* NSArray+Log.m in Sources */,
				96DD992B1B01648600D9D943 /* AppDelegate.m in Sources */,
				96DD996A1B0164C300D9D943 /* UIImage+Joy.m in Sources */,
				96DD99671B0164C300D9D943 /* NSObject+Extension.m in Sources */,
				96DD99681B0164C300D9D943 /* NSString+Joy.m in Sources */,
				96DD99281B01648600D9D943 /* main.m in Sources */,
				96DD996B1B0164C300D9D943 /* UIView+Joy.m in Sources */,
			);
			runOnlyForDeploymentPostprocessing = 0;
		};
		96DD99371B01648600D9D943 /* Sources */ = {
			isa = PBXSourcesBuildPhase;
			buildActionMask = 2147483647;
			files = (
				96DD99421B01648600D9D943 /* OCExtensionTests.m in Sources */,
			);
			runOnlyForDeploymentPostprocessing = 0;
		};
/* End PBXSourcesBuildPhase section */

/* Begin PBXTargetDependency section */
		96DD993D1B01648600D9D943 /* PBXTargetDependency */ = {
			isa = PBXTargetDependency;
			target = 96DD99211B01648600D9D943 /* OCExtension */;
			targetProxy = 96DD993C1B01648600D9D943 /* PBXContainerItemProxy */;
		};
/* End PBXTargetDependency section */

/* Begin PBXVariantGroup section */
		96DD992F1B01648600D9D943 /* Main.storyboard */ = {
			isa = PBXVariantGroup;
			children = (
				96DD99301B01648600D9D943 /* Base */,
			);
			name = Main.storyboard;
			sourceTree = "<group>";
		};
		96DD99341B01648600D9D943 /* LaunchScreen.xib */ = {
			isa = PBXVariantGroup;
			children = (
				96DD99351B01648600D9D943 /* Base */,
			);
			name = LaunchScreen.xib;
			sourceTree = "<group>";
		};
/* End PBXVariantGroup section */

/* Begin XCBuildConfiguration section */
		96DD99431B01648600D9D943 /* Debug */ = {
			isa = XCBuildConfiguration;
			buildSettings = {
				ALWAYS_SEARCH_USER_PATHS = NO;
				CLANG_CXX_LANGUAGE_STANDARD = "gnu++0x";
				CLANG_CXX_LIBRARY = "libc++";
				CLANG_ENABLE_MODULES = YES;
				CLANG_ENABLE_OBJC_ARC = YES;
				CLANG_WARN_BOOL_CONVERSION = YES;
				CLANG_WARN_CONSTANT_CONVERSION = YES;
				CLANG_WARN_DIRECT_OBJC_ISA_USAGE = YES_ERROR;
				CLANG_WARN_EMPTY_BODY = YES;
				CLANG_WARN_ENUM_CONVERSION = YES;
				CLANG_WARN_INT_CONVERSION = YES;
				CLANG_WARN_OBJC_ROOT_CLASS = YES_ERROR;
				CLANG_WARN_UNREACHABLE_CODE = YES;
				CLANG_WARN__DUPLICATE_METHOD_MATCH = YES;
				"CODE_SIGN_IDENTITY[sdk=iphoneos*]" = "iPhone Developer";
				COPY_PHASE_STRIP = NO;
				DEBUG_INFORMATION_FORMAT = "dwarf-with-dsym";
				ENABLE_STRICT_OBJC_MSGSEND = YES;
				GCC_C_LANGUAGE_STANDARD = gnu99;
				GCC_DYNAMIC_NO_PIC = NO;
				GCC_NO_COMMON_BLOCKS = YES;
				GCC_OPTIMIZATION_LEVEL = 0;
				GCC_PREPROCESSOR_DEFINITIONS = (
					"DEBUG=1",
					"$(inherited)",
				);
				GCC_SYMBOLS_PRIVATE_EXTERN = NO;
				GCC_WARN_64_TO_32_BIT_CONVERSION = YES;
				GCC_WARN_ABOUT_RETURN_TYPE = YES_ERROR;
				GCC_WARN_UNDECLARED_SELECTOR = YES;
				GCC_WARN_UNINITIALIZED_AUTOS = YES_AGGRESSIVE;
				GCC_WARN_UNUSED_FUNCTION = YES;
				GCC_WARN_UNUSED_VARIABLE = YES;
				IPHONEOS_DEPLOYMENT_TARGET = 8.3;
				MTL_ENABLE_DEBUG_INFO = YES;
				ONLY_ACTIVE_ARCH = YES;
				SDKROOT = iphoneos;
			};
			name = Debug;
		};
		96DD99441B01648600D9D943 /* Release */ = {
			isa = XCBuildConfiguration;
			buildSettings = {
				ALWAYS_SEARCH_USER_PATHS = NO;
				CLANG_CXX_LANGUAGE_STANDARD = "gnu++0x";
				CLANG_CXX_LIBRARY = "libc++";
				CLANG_ENABLE_MODULES = YES;
				CLANG_ENABLE_OBJC_ARC = YES;
				CLANG_WARN_BOOL_CONVERSION = YES;
				CLANG_WARN_CONSTANT_CONVERSION = YES;
				CLANG_WARN_DIRECT_OBJC_ISA_USAGE = YES_ERROR;
				CLANG_WARN_EMPTY_BODY = YES;
				CLANG_WARN_ENUM_CONVERSION = YES;
				CLANG_WARN_INT_CONVERSION = YES;
				CLANG_WARN_OBJC_ROOT_CLASS = YES_ERROR;
				CLANG_WARN_UNREACHABLE_CODE = YES;
				CLANG_WARN__DUPLICATE_METHOD_MATCH = YES;
				"CODE_SIGN_IDENTITY[sdk=iphoneos*]" = "iPhone Developer";
				COPY_PHASE_STRIP = NO;
				DEBUG_INFORMATION_FORMAT = "dwarf-with-dsym";
				ENABLE_NS_ASSERTIONS = NO;
				ENABLE_STRICT_OBJC_MSGSEND = YES;
				GCC_C_LANGUAGE_STANDARD = gnu99;
				GCC_NO_COMMON_BLOCKS = YES;
				GCC_WARN_64_TO_32_BIT_CONVERSION = YES;
				GCC_WARN_ABOUT_RETURN_TYPE = YES_ERROR;
				GCC_WARN_UNDECLARED_SELECTOR = YES;
				GCC_WARN_UNINITIALIZED_AUTOS = YES_AGGRESSIVE;
				GCC_WARN_UNUSED_FUNCTION = YES;
				GCC_WARN_UNUSED_VARIABLE = YES;
				IPHONEOS_DEPLOYMENT_TARGET = 8.3;
				MTL_ENABLE_DEBUG_INFO = NO;
				SDKROOT = iphoneos;
				VALIDATE_PRODUCT = YES;
			};
			name = Release;
		};
		96DD99461B01648600D9D943 /* Debug */ = {
			isa = XCBuildConfiguration;
			buildSettings = {
				ASSETCATALOG_COMPILER_APPICON_NAME = AppIcon;
				INFOPLIST_FILE = OCExtension/Info.plist;
				LD_RUNPATH_SEARCH_PATHS = "$(inherited) @executable_path/Frameworks";
				PRODUCT_NAME = "$(TARGET_NAME)";
			};
			name = Debug;
		};
		96DD99471B01648600D9D943 /* Release */ = {
			isa = XCBuildConfiguration;
			buildSettings = {
				ASSETCATALOG_COMPILER_APPICON_NAME = AppIcon;
				INFOPLIST_FILE = OCExtension/Info.plist;
				LD_RUNPATH_SEARCH_PATHS = "$(inherited) @executable_path/Frameworks";
				PRODUCT_NAME = "$(TARGET_NAME)";
			};
			name = Release;
		};
		96DD99491B01648600D9D943 /* Debug */ = {
			isa = XCBuildConfiguration;
			buildSettings = {
				BUNDLE_LOADER = "$(TEST_HOST)";
				FRAMEWORK_SEARCH_PATHS = (
					"$(SDKROOT)/Developer/Library/Frameworks",
					"$(inherited)",
				);
				GCC_PREPROCESSOR_DEFINITIONS = (
					"DEBUG=1",
					"$(inherited)",
				);
				INFOPLIST_FILE = OCExtensionTests/Info.plist;
				LD_RUNPATH_SEARCH_PATHS = "$(inherited) @executable_path/Frameworks @loader_path/Frameworks";
				PRODUCT_NAME = "$(TARGET_NAME)";
				TEST_HOST = "$(BUILT_PRODUCTS_DIR)/OCExtension.app/OCExtension";
			};
			name = Debug;
		};
		96DD994A1B01648600D9D943 /* Release */ = {
			isa = XCBuildConfiguration;
			buildSettings = {
				BUNDLE_LOADER = "$(TEST_HOST)";
				FRAMEWORK_SEARCH_PATHS = (
					"$(SDKROOT)/Developer/Library/Frameworks",
					"$(inherited)",
				);
				INFOPLIST_FILE = OCExtensionTests/Info.plist;
				LD_RUNPATH_SEARCH_PATHS = "$(inherited) @executable_path/Frameworks @loader_path/Frameworks";
				PRODUCT_NAME = "$(TARGET_NAME)";
				TEST_HOST = "$(BUILT_PRODUCTS_DIR)/OCExtension.app/OCExtension";
			};
			name = Release;
		};
/* End XCBuildConfiguration section */

/* Begin XCConfigurationList section */
		96DD991D1B01648600D9D943 /* Build configuration list for PBXProject "OCExtension" */ = {
			isa = XCConfigurationList;
			buildConfigurations = (
				96DD99431B01648600D9D943 /* Debug */,
				96DD99441B01648600D9D943 /* Release */,
			);
			defaultConfigurationIsVisible = 0;
			defaultConfigurationName = Release;
		};
		96DD99451B01648600D9D943 /* Build configuration list for PBXNativeTarget "OCExtension" */ = {
			isa = XCConfigurationList;
			buildConfigurations = (
				96DD99461B01648600D9D943 /* Debug */,
				96DD99471B01648600D9D943 /* Release */,
			);
			defaultConfigurationIsVisible = 0;
		};
		96DD99481B01648600D9D943 /* Build configuration list for PBXNativeTarget "OCExtensionTests" */ = {
			isa = XCConfigurationList;
			buildConfigurations = (
				96DD99491B01648600D9D943 /* Debug */,
				96DD994A1B01648600D9D943 /* Release */,
			);
			defaultConfigurationIsVisible = 0;
		};
/* End XCConfigurationList section */
	};
	rootObject = 96DD991A1B01648600D9D943 /* Project object */;
}
